Microsoft Visual Studio Solution File, Format Version 8.00
Project("{8BC9CEB8-8B4A-11D0-8D11-00A0C91BC942}") = "all", "all.vcproj", "{5E968FFE-4364-49FF-A230-613B08B5CF82}"
	ProjectSection(ProjectDependencies) = postProject
	EndProjectSection
EndProject
Global
	GlobalSection(SolutionConfiguration) = preSolution
		Debug = Debug
		Release = Release
	EndGlobalSection
	GlobalSection(ProjectConfiguration) = postSolution
		{5E968FFE-4364-49FF-A230-613B08B5CF82}.Debug.ActiveCfg = Debug|Win32
		{5E968FFE-4364-49FF-A230-613B08B5CF82}.Debug.Build.0 = Debug|Win32
		{5E968FFE-4364-49FF-A230-613B08B5CF82}.Release.ActiveCfg = Release|Win32
		{5E968FFE-4364-49FF-A230-613B08B5CF82}.Release.Build.0 = Release|Win32
	EndGlobalSection
	GlobalSection(ExtensibilityGlobals) = postSolution
	EndGlobalSection
	GlobalSection(ExtensibilityAddIns) = postSolution
	EndGlobalSection
EndGlobal
