Microsoft Visual Studio Solution File, Format Version 8.00
Project("{8BC9CEB8-8B4A-11D0-8D11-00A0C91BC942}") = "se_core", "core\projects\vc\se_core.vcproj", "{6E6ABF27-C81E-451B-839E-2FDDB823B7F1}"
	ProjectSection(ProjectDependencies) = postProject
	EndProjectSection
EndProject
Project("{8BC9CEB8-8B4A-11D0-8D11-00A0C91BC942}") = "se_client", "add_on\client\projects\vc\se_client.vcproj", "{40E2E989-C81E-451B-839E-2FDDB823B7F1}"
	ProjectSection(ProjectDependencies) = postProject
		{6E6ABF27-C81E-451B-839E-2FDDB823B7F1} = {6E6ABF27-C81E-451B-839E-2FDDB823B7F1}
	EndProjectSection
EndProject
Project("{8BC9CEB8-8B4A-11D0-8D11-00A0C91BC942}") = "se_basic", "add_on\basic\projects\vc\se_basic.vcproj", "{4243B0ED-C81E-451B-839E-2FDDB823B7F1}"
	ProjectSection(ProjectDependencies) = postProject
		{6E6ABF27-C81E-451B-839E-2FDDB823B7F1} = {6E6ABF27-C81E-451B-839E-2FDDB823B7F1}
		{40E2E989-C81E-451B-839E-2FDDB823B7F1} = {40E2E989-C81E-451B-839E-2FDDB823B7F1}
	EndProjectSection
EndProject
Project("{8BC9CEB8-8B4A-11D0-8D11-00A0C91BC942}") = "se_ogre", "add_on\ogre\projects\vc\se_ogre.vcproj", "{02C89403-C81E-451B-839E-2FDDB823B7F1}"
	ProjectSection(ProjectDependencies) = postProject
		{6E6ABF27-C81E-451B-839E-2FDDB823B7F1} = {6E6ABF27-C81E-451B-839E-2FDDB823B7F1}
		{40E2E989-C81E-451B-839E-2FDDB823B7F1} = {40E2E989-C81E-451B-839E-2FDDB823B7F1}
	EndProjectSection
EndProject
Project("{8BC9CEB8-8B4A-11D0-8D11-00A0C91BC942}") = "simple", "samples\simple\projects\vc\simple.vcproj", "{64B8AAF8-4364-49FF-A230-613B08B5CF82}"
	ProjectSection(ProjectDependencies) = postProject
		{02C89403-C81E-451B-839E-2FDDB823B7F1} = {02C89403-C81E-451B-839E-2FDDB823B7F1}
		{6E6ABF27-C81E-451B-839E-2FDDB823B7F1} = {6E6ABF27-C81E-451B-839E-2FDDB823B7F1}
		{40E2E989-C81E-451B-839E-2FDDB823B7F1} = {40E2E989-C81E-451B-839E-2FDDB823B7F1}
		{3C65FBDE-C81E-451B-839E-2FDDB823B7F1} = {3C65FBDE-C81E-451B-839E-2FDDB823B7F1}
		{48727AE3-C81E-451B-839E-2FDDB823B7F1} = {48727AE3-C81E-451B-839E-2FDDB823B7F1}
		{4243B0ED-C81E-451B-839E-2FDDB823B7F1} = {4243B0ED-C81E-451B-839E-2FDDB823B7F1}
	EndProjectSection
EndProject
Project("{8BC9CEB8-8B4A-11D0-8D11-00A0C91BC942}") = "simple_logic", "samples\simple\projects\vc\simple_logic.vcproj", "{48727AE3-C81E-451B-839E-2FDDB823B7F1}"
	ProjectSection(ProjectDependencies) = postProject
		{02C89403-C81E-451B-839E-2FDDB823B7F1} = {02C89403-C81E-451B-839E-2FDDB823B7F1}
		{6E6ABF27-C81E-451B-839E-2FDDB823B7F1} = {6E6ABF27-C81E-451B-839E-2FDDB823B7F1}
		{40E2E989-C81E-451B-839E-2FDDB823B7F1} = {40E2E989-C81E-451B-839E-2FDDB823B7F1}
		{4243B0ED-C81E-451B-839E-2FDDB823B7F1} = {4243B0ED-C81E-451B-839E-2FDDB823B7F1}
	EndProjectSection
EndProject
Project("{8BC9CEB8-8B4A-11D0-8D11-00A0C91BC942}") = "simple_ui", "samples\simple\projects\vc\simple_ui.vcproj", "{3C65FBDE-C81E-451B-839E-2FDDB823B7F1}"
	ProjectSection(ProjectDependencies) = postProject
		{02C89403-C81E-451B-839E-2FDDB823B7F1} = {02C89403-C81E-451B-839E-2FDDB823B7F1}
		{6E6ABF27-C81E-451B-839E-2FDDB823B7F1} = {6E6ABF27-C81E-451B-839E-2FDDB823B7F1}
		{40E2E989-C81E-451B-839E-2FDDB823B7F1} = {40E2E989-C81E-451B-839E-2FDDB823B7F1}
		{48727AE3-C81E-451B-839E-2FDDB823B7F1} = {48727AE3-C81E-451B-839E-2FDDB823B7F1}
		{4243B0ED-C81E-451B-839E-2FDDB823B7F1} = {4243B0ED-C81E-451B-839E-2FDDB823B7F1}
	EndProjectSection
EndProject
Project("{8BC9CEB8-8B4A-11D0-8D11-00A0C91BC942}") = "fly", "samples\fly\projects\vc\fly.vcproj", "{2C1236A0-4364-49FF-A230-613B08B5CF82}"
	ProjectSection(ProjectDependencies) = postProject
		{02C89403-C81E-451B-839E-2FDDB823B7F1} = {02C89403-C81E-451B-839E-2FDDB823B7F1}
		{6E6ABF27-C81E-451B-839E-2FDDB823B7F1} = {6E6ABF27-C81E-451B-839E-2FDDB823B7F1}
		{54DDC12A-C81E-451B-839E-2FDDB823B7F1} = {54DDC12A-C81E-451B-839E-2FDDB823B7F1}
		{40E2E989-C81E-451B-839E-2FDDB823B7F1} = {40E2E989-C81E-451B-839E-2FDDB823B7F1}
		{66D6E899-C81E-451B-839E-2FDDB823B7F1} = {66D6E899-C81E-451B-839E-2FDDB823B7F1}
		{4243B0ED-C81E-451B-839E-2FDDB823B7F1} = {4243B0ED-C81E-451B-839E-2FDDB823B7F1}
	EndProjectSection
EndProject
Project("{8BC9CEB8-8B4A-11D0-8D11-00A0C91BC942}") = "fly_logic", "samples\fly\projects\vc\fly_logic.vcproj", "{66D6E899-C81E-451B-839E-2FDDB823B7F1}"
	ProjectSection(ProjectDependencies) = postProject
		{6E6ABF27-C81E-451B-839E-2FDDB823B7F1} = {6E6ABF27-C81E-451B-839E-2FDDB823B7F1}
		{40E2E989-C81E-451B-839E-2FDDB823B7F1} = {40E2E989-C81E-451B-839E-2FDDB823B7F1}
		{4243B0ED-C81E-451B-839E-2FDDB823B7F1} = {4243B0ED-C81E-451B-839E-2FDDB823B7F1}
	EndProjectSection
EndProject
Project("{8BC9CEB8-8B4A-11D0-8D11-00A0C91BC942}") = "fly_ui", "samples\fly\projects\vc\fly_ui.vcproj", "{54DDC12A-C81E-451B-839E-2FDDB823B7F1}"
	ProjectSection(ProjectDependencies) = postProject
		{02C89403-C81E-451B-839E-2FDDB823B7F1} = {02C89403-C81E-451B-839E-2FDDB823B7F1}
		{6E6ABF27-C81E-451B-839E-2FDDB823B7F1} = {6E6ABF27-C81E-451B-839E-2FDDB823B7F1}
		{40E2E989-C81E-451B-839E-2FDDB823B7F1} = {40E2E989-C81E-451B-839E-2FDDB823B7F1}
		{66D6E899-C81E-451B-839E-2FDDB823B7F1} = {66D6E899-C81E-451B-839E-2FDDB823B7F1}
		{4243B0ED-C81E-451B-839E-2FDDB823B7F1} = {4243B0ED-C81E-451B-839E-2FDDB823B7F1}
	EndProjectSection
EndProject
Global
	GlobalSection(SolutionConfiguration) = preSolution
		Debug = Debug
		Release = Release
	EndGlobalSection
	GlobalSection(ProjectConfiguration) = postSolution
		{6E6ABF27-C81E-451B-839E-2FDDB823B7F1}.Debug.ActiveCfg = Debug|Win32
		{6E6ABF27-C81E-451B-839E-2FDDB823B7F1}.Debug.Build.0 = Debug|Win32
		{6E6ABF27-C81E-451B-839E-2FDDB823B7F1}.Release.ActiveCfg = Release|Win32
		{6E6ABF27-C81E-451B-839E-2FDDB823B7F1}.Release.Build.0 = Release|Win32
		{40E2E989-C81E-451B-839E-2FDDB823B7F1}.Debug.ActiveCfg = Debug|Win32
		{40E2E989-C81E-451B-839E-2FDDB823B7F1}.Debug.Build.0 = Debug|Win32
		{40E2E989-C81E-451B-839E-2FDDB823B7F1}.Release.ActiveCfg = Release|Win32
		{40E2E989-C81E-451B-839E-2FDDB823B7F1}.Release.Build.0 = Release|Win32
		{4243B0ED-C81E-451B-839E-2FDDB823B7F1}.Debug.ActiveCfg = Debug|Win32
		{4243B0ED-C81E-451B-839E-2FDDB823B7F1}.Debug.Build.0 = Debug|Win32
		{4243B0ED-C81E-451B-839E-2FDDB823B7F1}.Release.ActiveCfg = Release|Win32
		{4243B0ED-C81E-451B-839E-2FDDB823B7F1}.Release.Build.0 = Release|Win32
		{02C89403-C81E-451B-839E-2FDDB823B7F1}.Debug.ActiveCfg = Debug|Win32
		{02C89403-C81E-451B-839E-2FDDB823B7F1}.Debug.Build.0 = Debug|Win32
		{02C89403-C81E-451B-839E-2FDDB823B7F1}.Release.ActiveCfg = Release|Win32
		{02C89403-C81E-451B-839E-2FDDB823B7F1}.Release.Build.0 = Release|Win32
		{64B8AAF8-4364-49FF-A230-613B08B5CF82}.Debug.ActiveCfg = Debug|Win32
		{64B8AAF8-4364-49FF-A230-613B08B5CF82}.Debug.Build.0 = Debug|Win32
		{64B8AAF8-4364-49FF-A230-613B08B5CF82}.Release.ActiveCfg = Release|Win32
		{64B8AAF8-4364-49FF-A230-613B08B5CF82}.Release.Build.0 = Release|Win32
		{48727AE3-C81E-451B-839E-2FDDB823B7F1}.Debug.ActiveCfg = Debug|Win32
		{48727AE3-C81E-451B-839E-2FDDB823B7F1}.Debug.Build.0 = Debug|Win32
		{48727AE3-C81E-451B-839E-2FDDB823B7F1}.Release.ActiveCfg = Release|Win32
		{48727AE3-C81E-451B-839E-2FDDB823B7F1}.Release.Build.0 = Release|Win32
		{3C65FBDE-C81E-451B-839E-2FDDB823B7F1}.Debug.ActiveCfg = Debug|Win32
		{3C65FBDE-C81E-451B-839E-2FDDB823B7F1}.Debug.Build.0 = Debug|Win32
		{3C65FBDE-C81E-451B-839E-2FDDB823B7F1}.Release.ActiveCfg = Release|Win32
		{3C65FBDE-C81E-451B-839E-2FDDB823B7F1}.Release.Build.0 = Release|Win32
		{2C1236A0-4364-49FF-A230-613B08B5CF82}.Debug.ActiveCfg = Debug|Win32
		{2C1236A0-4364-49FF-A230-613B08B5CF82}.Debug.Build.0 = Debug|Win32
		{2C1236A0-4364-49FF-A230-613B08B5CF82}.Release.ActiveCfg = Release|Win32
		{2C1236A0-4364-49FF-A230-613B08B5CF82}.Release.Build.0 = Release|Win32
		{66D6E899-C81E-451B-839E-2FDDB823B7F1}.Debug.ActiveCfg = Debug|Win32
		{66D6E899-C81E-451B-839E-2FDDB823B7F1}.Debug.Build.0 = Debug|Win32
		{66D6E899-C81E-451B-839E-2FDDB823B7F1}.Release.ActiveCfg = Release|Win32
		{66D6E899-C81E-451B-839E-2FDDB823B7F1}.Release.Build.0 = Release|Win32
		{54DDC12A-C81E-451B-839E-2FDDB823B7F1}.Debug.ActiveCfg = Debug|Win32
		{54DDC12A-C81E-451B-839E-2FDDB823B7F1}.Debug.Build.0 = Debug|Win32
		{54DDC12A-C81E-451B-839E-2FDDB823B7F1}.Release.ActiveCfg = Release|Win32
		{54DDC12A-C81E-451B-839E-2FDDB823B7F1}.Release.Build.0 = Release|Win32
	EndGlobalSection
	GlobalSection(ExtensibilityGlobals) = postSolution
	EndGlobalSection
	GlobalSection(ExtensibilityAddIns) = postSolution
	EndGlobalSection
EndGlobal
