
Microsoft Visual Studio Solution File, Format Version 9.00
# Visual C++ Express 2005
Project("{8BC9CEB8-8B4A-11D0-8D11-00A0C91BC942}") = "game_logic", "..\..\..\game\projects\vc\game_logic.vcproj", "{0F83CA41-4364-49FF-A230-613B08B5CF82}"
EndProject
Project("{8BC9CEB8-8B4A-11D0-8D11-00A0C91BC942}") = "ogre_ui", "..\..\..\ogre_ui\projects\vc\ogre_ui.vcproj", "{665FEB1D-C81E-451B-839E-2FDDB823B7F1}"
EndProject
Project("{8BC9CEB8-8B4A-11D0-8D11-00A0C91BC942}") = "se_ogre", "..\..\..\..\..\add_on\ogre\projects\vc\se_ogre.vcproj", "{9D143DCB-98DB-4898-953F-139E3FE098B7}"
EndProject
Project("{8BC9CEB8-8B4A-11D0-8D11-00A0C91BC942}") = "se_angelscript", "..\..\..\..\..\add_on\angelscript\projects\vc\se_angelscript.vcproj", "{4F4D037E-E243-44A6-9444-CE897903FB08}"
EndProject
Project("{8BC9CEB8-8B4A-11D0-8D11-00A0C91BC942}") = "se_client", "..\..\..\..\..\add_on\client\projects\vc\se_client.vcproj", "{ABE4419F-CA95-48D1-BF19-B2DB1BD6A0B7}"
EndProject
Project("{8BC9CEB8-8B4A-11D0-8D11-00A0C91BC942}") = "se_core", "..\..\..\..\..\core\projects\vc\se_core.vcproj", "{98F1B0BD-8BCB-4622-B40B-6A47CC496134}"
EndProject
Global
	GlobalSection(SolutionConfigurationPlatforms) = preSolution
		Debug|Win32 = Debug|Win32
		Release|Win32 = Release|Win32
	EndGlobalSection
	GlobalSection(ProjectConfigurationPlatforms) = postSolution
		{0F83CA41-4364-49FF-A230-613B08B5CF82}.Debug|Win32.ActiveCfg = Debug|Win32
		{0F83CA41-4364-49FF-A230-613B08B5CF82}.Debug|Win32.Build.0 = Debug|Win32
		{0F83CA41-4364-49FF-A230-613B08B5CF82}.Release|Win32.ActiveCfg = Release|Win32
		{0F83CA41-4364-49FF-A230-613B08B5CF82}.Release|Win32.Build.0 = Release|Win32
		{665FEB1D-C81E-451B-839E-2FDDB823B7F1}.Debug|Win32.ActiveCfg = Debug|Win32
		{665FEB1D-C81E-451B-839E-2FDDB823B7F1}.Debug|Win32.Build.0 = Debug|Win32
		{665FEB1D-C81E-451B-839E-2FDDB823B7F1}.Release|Win32.ActiveCfg = Release|Win32
		{665FEB1D-C81E-451B-839E-2FDDB823B7F1}.Release|Win32.Build.0 = Release|Win32
		{9D143DCB-98DB-4898-953F-139E3FE098B7}.Debug|Win32.ActiveCfg = Debug|Win32
		{9D143DCB-98DB-4898-953F-139E3FE098B7}.Debug|Win32.Build.0 = Debug|Win32
		{9D143DCB-98DB-4898-953F-139E3FE098B7}.Release|Win32.ActiveCfg = Release|Win32
		{9D143DCB-98DB-4898-953F-139E3FE098B7}.Release|Win32.Build.0 = Release|Win32
		{4F4D037E-E243-44A6-9444-CE897903FB08}.Debug|Win32.ActiveCfg = Debug|Win32
		{4F4D037E-E243-44A6-9444-CE897903FB08}.Debug|Win32.Build.0 = Debug|Win32
		{4F4D037E-E243-44A6-9444-CE897903FB08}.Release|Win32.ActiveCfg = Release|Win32
		{4F4D037E-E243-44A6-9444-CE897903FB08}.Release|Win32.Build.0 = Release|Win32
		{ABE4419F-CA95-48D1-BF19-B2DB1BD6A0B7}.Debug|Win32.ActiveCfg = Debug|Win32
		{ABE4419F-CA95-48D1-BF19-B2DB1BD6A0B7}.Debug|Win32.Build.0 = Debug|Win32
		{ABE4419F-CA95-48D1-BF19-B2DB1BD6A0B7}.Release|Win32.ActiveCfg = Release|Win32
		{ABE4419F-CA95-48D1-BF19-B2DB1BD6A0B7}.Release|Win32.Build.0 = Release|Win32
		{98F1B0BD-8BCB-4622-B40B-6A47CC496134}.Debug|Win32.ActiveCfg = Debug|Win32
		{98F1B0BD-8BCB-4622-B40B-6A47CC496134}.Debug|Win32.Build.0 = Debug|Win32
		{98F1B0BD-8BCB-4622-B40B-6A47CC496134}.Release|Win32.ActiveCfg = Release|Win32
		{98F1B0BD-8BCB-4622-B40B-6A47CC496134}.Release|Win32.Build.0 = Release|Win32
	EndGlobalSection
	GlobalSection(SolutionProperties) = preSolution
		HideSolutionNode = FALSE
	EndGlobalSection
EndGlobal
